// !$*UTF8*$!
{
	archiveVersion = 1;
	classes = {
	};
	objectVersion = 46;
	objects = {

/* Begin PBXBuildFile section */
		5767B3121936452F00254B59 /* Foundation.framework in Frameworks */ = {isa = PBXBuildFile; fileRef = 5767B3111936452F00254B59 /* Foundation.framework */; };
		5767B3141936452F00254B59 /* CoreGraphics.framework in Frameworks */ = {isa = PBXBuildFile; fileRef = 5767B3131936452F00254B59 /* CoreGraphics.framework */; };
		5767B3161936452F00254B59 /* UIKit.framework in Frameworks */ = {isa = PBXBuildFile; fileRef = 5767B3151936452F00254B59 /* UIKit.framework */; };
		5767B3181936452F00254B59 /* CoreData.framework in Frameworks */ = {isa = PBXBuildFile; fileRef = 5767B3171936452F00254B59 /* CoreData.framework */; };
		5767B31E1936452F00254B59 /* InfoPlist.strings in Resources */ = {isa = PBXBuildFile; fileRef = 5767B31C1936452F00254B59 /* InfoPlist.strings */; };
		5767B3201936452F00254B59 /* main.m in Sources */ = {isa = PBXBuildFile; fileRef = 5767B31F1936452F00254B59 /* main.m */; };
		5767B3241936452F00254B59 /* PFLAppDelegate.m in Sources */ = {isa = PBXBuildFile; fileRef = 5767B3231936452F00254B59 /* PFLAppDelegate.m */; };
		5767B3271936452F00254B59 /* ProlificLibrary.xcdatamodeld in Sources */ = {isa = PBXBuildFile; fileRef = 5767B3251936452F00254B59 /* ProlificLibrary.xcdatamodeld */; };
		5767B3291936452F00254B59 /* Images.xcassets in Resources */ = {isa = PBXBuildFile; fileRef = 5767B3281936452F00254B59 /* Images.xcassets */; };
		5767B3301936452F00254B59 /* XCTest.framework in Frameworks */ = {isa = PBXBuildFile; fileRef = 5767B32F1936452F00254B59 /* XCTest.framework */; };
		5767B3311936452F00254B59 /* Foundation.framework in Frameworks */ = {isa = PBXBuildFile; fileRef = 5767B3111936452F00254B59 /* Foundation.framework */; };
		5767B3321936452F00254B59 /* UIKit.framework in Frameworks */ = {isa = PBXBuildFile; fileRef = 5767B3151936452F00254B59 /* UIKit.framework */; };
		5767B3331936452F00254B59 /* CoreData.framework in Frameworks */ = {isa = PBXBuildFile; fileRef = 5767B3171936452F00254B59 /* CoreData.framework */; };
		5767B33B1936452F00254B59 /* InfoPlist.strings in Resources */ = {isa = PBXBuildFile; fileRef = 5767B3391936452F00254B59 /* InfoPlist.strings */; };
		5767B33D1936452F00254B59 /* ProlificLibraryTests.m in Sources */ = {isa = PBXBuildFile; fileRef = 5767B33C1936452F00254B59 /* ProlificLibraryTests.m */; };
		5767B3B41936D51100254B59 /* _Book.m in Sources */ = {isa = PBXBuildFile; fileRef = 5767B3B11936D51100254B59 /* _Book.m */; };
		5767B3B51936D51100254B59 /* Book.m in Sources */ = {isa = PBXBuildFile; fileRef = 5767B3B31936D51100254B59 /* Book.m */; };
		5767B3BC1936D8D200254B59 /* PFLNetworkHelper.m in Sources */ = {isa = PBXBuildFile; fileRef = 5767B3BB1936D8D200254B59 /* PFLNetworkHelper.m */; };
		5767B3BF1937590600254B59 /* PFLBookHelper.m in Sources */ = {isa = PBXBuildFile; fileRef = 5767B3BE1937590600254B59 /* PFLBookHelper.m */; };
		5767B3C119378BDD00254B59 /* seeds.plist in Resources */ = {isa = PBXBuildFile; fileRef = 5767B3C019378BDD00254B59 /* seeds.plist */; };
		5767B3C4193815C800254B59 /* PFLLibraryHomeViewController.m in Sources */ = {isa = PBXBuildFile; fileRef = 5767B3C3193815C800254B59 /* PFLLibraryHomeViewController.m */; };
		5767B3C91938190100254B59 /* PFLHeaderTemplateView.m in Sources */ = {isa = PBXBuildFile; fileRef = 5767B3C81938190100254B59 /* PFLHeaderTemplateView.m */; };
		5767B3CD1938266200254B59 /* UIColor+HexAdditions.m in Sources */ = {isa = PBXBuildFile; fileRef = 5767B3CC1938266200254B59 /* UIColor+HexAdditions.m */; };
		5767B3D019382AF200254B59 /* PFLBookDisplayCell.m in Sources */ = {isa = PBXBuildFile; fileRef = 5767B3CF19382AF200254B59 /* PFLBookDisplayCell.m */; };
		5767B3D31938411300254B59 /* PFLBookDetailsViewController.m in Sources */ = {isa = PBXBuildFile; fileRef = 5767B3D21938411300254B59 /* PFLBookDetailsViewController.m */; };
		5767B3D61938436A00254B59 /* PFLBookDetailsView.m in Sources */ = {isa = PBXBuildFile; fileRef = 5767B3D51938436A00254B59 /* PFLBookDetailsView.m */; };
		5767B3D91938B66E00254B59 /* PFLAddBookViewController.m in Sources */ = {isa = PBXBuildFile; fileRef = 5767B3D81938B66E00254B59 /* PFLAddBookViewController.m */; };
		5767B3F8193A98FD00254B59 /* PFLBookDisplaySpringFlowLayout.m in Sources */ = {isa = PBXBuildFile; fileRef = 5767B3F7193A98FD00254B59 /* PFLBookDisplaySpringFlowLayout.m */; };
		5767B3FE193AC5A600254B59 /* FacebookSDK.framework in Frameworks */ = {isa = PBXBuildFile; fileRef = 5767B3FD193AC5A600254B59 /* FacebookSDK.framework */; };
		5767B401193BA00700254B59 /* PFLFacebookHelper.m in Sources */ = {isa = PBXBuildFile; fileRef = 5767B400193BA00700254B59 /* PFLFacebookHelper.m */; };
		5767B405193BA8FB00254B59 /* PFLBookConstants.m in Sources */ = {isa = PBXBuildFile; fileRef = 5767B404193BA8FB00254B59 /* PFLBookConstants.m */; };
		5767B408193BB2C800254B59 /* PFLAssetNames.m in Sources */ = {isa = PBXBuildFile; fileRef = 5767B407193BB2C800254B59 /* PFLAssetNames.m */; };
		5767B40B193BB6E600254B59 /* PFLFontNames.m in Sources */ = {isa = PBXBuildFile; fileRef = 5767B40A193BB6E600254B59 /* PFLFontNames.m */; };
		8DBBDA48EDC94DFEBF64B366 /* libPods.a in Frameworks */ = {isa = PBXBuildFile; fileRef = 76BBC723003E4B709AC7E827 /* libPods.a */; };
/* End PBXBuildFile section */

/* Begin PBXContainerItemProxy section */
		5767B3341936452F00254B59 /* PBXContainerItemProxy */ = {
			isa = PBXContainerItemProxy;
			containerPortal = 5767B3061936452E00254B59 /* Project object */;
			proxyType = 1;
			remoteGlobalIDString = 5767B30D1936452E00254B59;
			remoteInfo = ProlificLibrary;
		};
/* End PBXContainerItemProxy section */

/* Begin PBXFileReference section */
		5767B30E1936452F00254B59 /* ProlificLibrary.app */ = {isa = PBXFileReference; explicitFileType = wrapper.application; includeInIndex = 0; path = ProlificLibrary.app; sourceTree = BUILT_PRODUCTS_DIR; };
		5767B3111936452F00254B59 /* Foundation.framework */ = {isa = PBXFileReference; lastKnownFileType = wrapper.framework; name = Foundation.framework; path = System/Library/Frameworks/Foundation.framework; sourceTree = SDKROOT; };
		5767B3131936452F00254B59 /* CoreGraphics.framework */ = {isa = PBXFileReference; lastKnownFileType = wrapper.framework; name = CoreGraphics.framework; path = System/Library/Frameworks/CoreGraphics.framework; sourceTree = SDKROOT; };
		5767B3151936452F00254B59 /* UIKit.framework */ = {isa = PBXFileReference; lastKnownFileType = wrapper.framework; name = UIKit.framework; path = System/Library/Frameworks/UIKit.framework; sourceTree = SDKROOT; };
		5767B3171936452F00254B59 /* CoreData.framework */ = {isa = PBXFileReference; lastKnownFileType = wrapper.framework; name = CoreData.framework; path = System/Library/Frameworks/CoreData.framework; sourceTree = SDKROOT; };
		5767B31B1936452F00254B59 /* ProlificLibrary-Info.plist */ = {isa = PBXFileReference; lastKnownFileType = text.plist.xml; path = "ProlificLibrary-Info.plist"; sourceTree = "<group>"; };
		5767B31D1936452F00254B59 /* en */ = {isa = PBXFileReference; lastKnownFileType = text.plist.strings; name = en; path = en.lproj/InfoPlist.strings; sourceTree = "<group>"; };
		5767B31F1936452F00254B59 /* main.m */ = {isa = PBXFileReference; lastKnownFileType = sourcecode.c.objc; path = main.m; sourceTree = "<group>"; };
		5767B3211936452F00254B59 /* ProlificLibrary-Prefix.pch */ = {isa = PBXFileReference; lastKnownFileType = sourcecode.c.h; path = "ProlificLibrary-Prefix.pch"; sourceTree = "<group>"; };
		5767B3221936452F00254B59 /* PFLAppDelegate.h */ = {isa = PBXFileReference; lastKnownFileType = sourcecode.c.h; path = PFLAppDelegate.h; sourceTree = "<group>"; };
		5767B3231936452F00254B59 /* PFLAppDelegate.m */ = {isa = PBXFileReference; lastKnownFileType = sourcecode.c.objc; path = PFLAppDelegate.m; sourceTree = "<group>"; };
		5767B3261936452F00254B59 /* ProlificLibrary.xcdatamodel */ = {isa = PBXFileReference; lastKnownFileType = wrapper.xcdatamodel; path = ProlificLibrary.xcdatamodel; sourceTree = "<group>"; };
		5767B3281936452F00254B59 /* Images.xcassets */ = {isa = PBXFileReference; lastKnownFileType = folder.assetcatalog; path = Images.xcassets; sourceTree = "<group>"; };
		5767B32E1936452F00254B59 /* ProlificLibraryTests.xctest */ = {isa = PBXFileReference; explicitFileType = wrapper.cfbundle; includeInIndex = 0; path = ProlificLibraryTests.xctest; sourceTree = BUILT_PRODUCTS_DIR; };
		5767B32F1936452F00254B59 /* XCTest.framework */ = {isa = PBXFileReference; lastKnownFileType = wrapper.framework; name = XCTest.framework; path = Library/Frameworks/XCTest.framework; sourceTree = DEVELOPER_DIR; };
		5767B3381936452F00254B59 /* ProlificLibraryTests-Info.plist */ = {isa = PBXFileReference; lastKnownFileType = text.plist.xml; path = "ProlificLibraryTests-Info.plist"; sourceTree = "<group>"; };
		5767B33A1936452F00254B59 /* en */ = {isa = PBXFileReference; lastKnownFileType = text.plist.strings; name = en; path = en.lproj/InfoPlist.strings; sourceTree = "<group>"; };
		5767B33C1936452F00254B59 /* ProlificLibraryTests.m */ = {isa = PBXFileReference; lastKnownFileType = sourcecode.c.objc; path = ProlificLibraryTests.m; sourceTree = "<group>"; };
		5767B3B01936D51100254B59 /* _Book.h */ = {isa = PBXFileReference; fileEncoding = 4; lastKnownFileType = sourcecode.c.h; path = _Book.h; sourceTree = "<group>"; };
		5767B3B11936D51100254B59 /* _Book.m */ = {isa = PBXFileReference; fileEncoding = 4; lastKnownFileType = sourcecode.c.objc; path = _Book.m; sourceTree = "<group>"; };
		5767B3B21936D51100254B59 /* Book.h */ = {isa = PBXFileReference; fileEncoding = 4; lastKnownFileType = sourcecode.c.h; path = Book.h; sourceTree = "<group>"; };
		5767B3B31936D51100254B59 /* Book.m */ = {isa = PBXFileReference; fileEncoding = 4; lastKnownFileType = sourcecode.c.objc; path = Book.m; sourceTree = "<group>"; };
		5767B3BA1936D8D200254B59 /* PFLNetworkHelper.h */ = {isa = PBXFileReference; fileEncoding = 4; lastKnownFileType = sourcecode.c.h; path = PFLNetworkHelper.h; sourceTree = "<group>"; };
		5767B3BB1936D8D200254B59 /* PFLNetworkHelper.m */ = {isa = PBXFileReference; fileEncoding = 4; lastKnownFileType = sourcecode.c.objc; path = PFLNetworkHelper.m; sourceTree = "<group>"; };
		5767B3BD1937590600254B59 /* PFLBookHelper.h */ = {isa = PBXFileReference; fileEncoding = 4; lastKnownFileType = sourcecode.c.h; path = PFLBookHelper.h; sourceTree = "<group>"; };
		5767B3BE1937590600254B59 /* PFLBookHelper.m */ = {isa = PBXFileReference; fileEncoding = 4; lastKnownFileType = sourcecode.c.objc; path = PFLBookHelper.m; sourceTree = "<group>"; };
		5767B3C019378BDD00254B59 /* seeds.plist */ = {isa = PBXFileReference; fileEncoding = 4; lastKnownFileType = text.plist.xml; path = seeds.plist; sourceTree = "<group>"; };
		5767B3C2193815C800254B59 /* PFLLibraryHomeViewController.h */ = {isa = PBXFileReference; fileEncoding = 4; lastKnownFileType = sourcecode.c.h; name = PFLLibraryHomeViewController.h; path = ../PFLLibraryHomeViewController.h; sourceTree = "<group>"; };
		5767B3C3193815C800254B59 /* PFLLibraryHomeViewController.m */ = {isa = PBXFileReference; fileEncoding = 4; lastKnownFileType = sourcecode.c.objc; name = PFLLibraryHomeViewController.m; path = ../PFLLibraryHomeViewController.m; sourceTree = "<group>"; };
		5767B3C71938190100254B59 /* PFLHeaderTemplateView.h */ = {isa = PBXFileReference; fileEncoding = 4; lastKnownFileType = sourcecode.c.h; path = PFLHeaderTemplateView.h; sourceTree = "<group>"; };
		5767B3C81938190100254B59 /* PFLHeaderTemplateView.m */ = {isa = PBXFileReference; fileEncoding = 4; lastKnownFileType = sourcecode.c.objc; path = PFLHeaderTemplateView.m; sourceTree = "<group>"; };
		5767B3CB1938266200254B59 /* UIColor+HexAdditions.h */ = {isa = PBXFileReference; fileEncoding = 4; lastKnownFileType = sourcecode.c.h; path = "UIColor+HexAdditions.h"; sourceTree = "<group>"; };
		5767B3CC1938266200254B59 /* UIColor+HexAdditions.m */ = {isa = PBXFileReference; fileEncoding = 4; lastKnownFileType = sourcecode.c.objc; path = "UIColor+HexAdditions.m"; sourceTree = "<group>"; };
		5767B3CE19382AF200254B59 /* PFLBookDisplayCell.h */ = {isa = PBXFileReference; fileEncoding = 4; lastKnownFileType = sourcecode.c.h; path = PFLBookDisplayCell.h; sourceTree = "<group>"; };
		5767B3CF19382AF200254B59 /* PFLBookDisplayCell.m */ = {isa = PBXFileReference; fileEncoding = 4; lastKnownFileType = sourcecode.c.objc; path = PFLBookDisplayCell.m; sourceTree = "<group>"; };
		5767B3D11938411300254B59 /* PFLBookDetailsViewController.h */ = {isa = PBXFileReference; fileEncoding = 4; lastKnownFileType = sourcecode.c.h; path = PFLBookDetailsViewController.h; sourceTree = "<group>"; };
		5767B3D21938411300254B59 /* PFLBookDetailsViewController.m */ = {isa = PBXFileReference; fileEncoding = 4; lastKnownFileType = sourcecode.c.objc; path = PFLBookDetailsViewController.m; sourceTree = "<group>"; };
		5767B3D41938436A00254B59 /* PFLBookDetailsView.h */ = {isa = PBXFileReference; fileEncoding = 4; lastKnownFileType = sourcecode.c.h; path = PFLBookDetailsView.h; sourceTree = "<group>"; };
		5767B3D51938436A00254B59 /* PFLBookDetailsView.m */ = {isa = PBXFileReference; fileEncoding = 4; lastKnownFileType = sourcecode.c.objc; path = PFLBookDetailsView.m; sourceTree = "<group>"; };
		5767B3D71938B66E00254B59 /* PFLAddBookViewController.h */ = {isa = PBXFileReference; fileEncoding = 4; lastKnownFileType = sourcecode.c.h; path = PFLAddBookViewController.h; sourceTree = "<group>"; };
		5767B3D81938B66E00254B59 /* PFLAddBookViewController.m */ = {isa = PBXFileReference; fileEncoding = 4; lastKnownFileType = sourcecode.c.objc; path = PFLAddBookViewController.m; sourceTree = "<group>"; };
		5767B3F6193A98FD00254B59 /* PFLBookDisplaySpringFlowLayout.h */ = {isa = PBXFileReference; fileEncoding = 4; lastKnownFileType = sourcecode.c.h; path = PFLBookDisplaySpringFlowLayout.h; sourceTree = "<group>"; };
		5767B3F7193A98FD00254B59 /* PFLBookDisplaySpringFlowLayout.m */ = {isa = PBXFileReference; fileEncoding = 4; lastKnownFileType = sourcecode.c.objc; path = PFLBookDisplaySpringFlowLayout.m; sourceTree = "<group>"; };
		5767B3FD193AC5A600254B59 /* FacebookSDK.framework */ = {isa = PBXFileReference; lastKnownFileType = wrapper.framework; path = FacebookSDK.framework; sourceTree = "<group>"; };
		5767B3FF193BA00700254B59 /* PFLFacebookHelper.h */ = {isa = PBXFileReference; fileEncoding = 4; lastKnownFileType = sourcecode.c.h; path = PFLFacebookHelper.h; sourceTree = "<group>"; };
		5767B400193BA00700254B59 /* PFLFacebookHelper.m */ = {isa = PBXFileReference; fileEncoding = 4; lastKnownFileType = sourcecode.c.objc; path = PFLFacebookHelper.m; sourceTree = "<group>"; };
		5767B403193BA8FB00254B59 /* PFLBookConstants.h */ = {isa = PBXFileReference; fileEncoding = 4; lastKnownFileType = sourcecode.c.h; path = PFLBookConstants.h; sourceTree = "<group>"; };
		5767B404193BA8FB00254B59 /* PFLBookConstants.m */ = {isa = PBXFileReference; fileEncoding = 4; lastKnownFileType = sourcecode.c.objc; path = PFLBookConstants.m; sourceTree = "<group>"; };
		5767B406193BB2C800254B59 /* PFLAssetNames.h */ = {isa = PBXFileReference; fileEncoding = 4; lastKnownFileType = sourcecode.c.h; path = PFLAssetNames.h; sourceTree = "<group>"; };
		5767B407193BB2C800254B59 /* PFLAssetNames.m */ = {isa = PBXFileReference; fileEncoding = 4; lastKnownFileType = sourcecode.c.objc; path = PFLAssetNames.m; sourceTree = "<group>"; };
		5767B409193BB6E600254B59 /* PFLFontNames.h */ = {isa = PBXFileReference; fileEncoding = 4; lastKnownFileType = sourcecode.c.h; path = PFLFontNames.h; sourceTree = "<group>"; };
		5767B40A193BB6E600254B59 /* PFLFontNames.m */ = {isa = PBXFileReference; fileEncoding = 4; lastKnownFileType = sourcecode.c.objc; path = PFLFontNames.m; sourceTree = "<group>"; };
		76BBC723003E4B709AC7E827 /* libPods.a */ = {isa = PBXFileReference; explicitFileType = archive.ar; includeInIndex = 0; path = libPods.a; sourceTree = BUILT_PRODUCTS_DIR; };
		E34D6C383C49472B92896B78 /* Pods.xcconfig */ = {isa = PBXFileReference; includeInIndex = 1; lastKnownFileType = text.xcconfig; name = Pods.xcconfig; path = Pods/Pods.xcconfig; sourceTree = "<group>"; };
/* End PBXFileReference section */

/* Begin PBXFrameworksBuildPhase section */
		5767B30B1936452E00254B59 /* Frameworks */ = {
			isa = PBXFrameworksBuildPhase;
			buildActionMask = 2147483647;
			files = (
				5767B3141936452F00254B59 /* CoreGraphics.framework in Frameworks */,
				5767B3181936452F00254B59 /* CoreData.framework in Frameworks */,
				5767B3161936452F00254B59 /* UIKit.framework in Frameworks */,
				5767B3121936452F00254B59 /* Foundation.framework in Frameworks */,
				8DBBDA48EDC94DFEBF64B366 /* libPods.a in Frameworks */,
				5767B3FE193AC5A600254B59 /* FacebookSDK.framework in Frameworks */,
			);
			runOnlyForDeploymentPostprocessing = 0;
		};
		5767B32B1936452F00254B59 /* Frameworks */ = {
			isa = PBXFrameworksBuildPhase;
			buildActionMask = 2147483647;
			files = (
				5767B3301936452F00254B59 /* XCTest.framework in Frameworks */,
				5767B3331936452F00254B59 /* CoreData.framework in Frameworks */,
				5767B3321936452F00254B59 /* UIKit.framework in Frameworks */,
				5767B3311936452F00254B59 /* Foundation.framework in Frameworks */,
			);
			runOnlyForDeploymentPostprocessing = 0;
		};
/* End PBXFrameworksBuildPhase section */

/* Begin PBXGroup section */
		5767B3051936452E00254B59 = {
			isa = PBXGroup;
			children = (
				5767B3191936452F00254B59 /* ProlificLibrary */,
				5767B3361936452F00254B59 /* ProlificLibraryTests */,
				5767B3101936452F00254B59 /* Frameworks */,
				5767B30F1936452F00254B59 /* Products */,
				E34D6C383C49472B92896B78 /* Pods.xcconfig */,
			);
			sourceTree = "<group>";
		};
		5767B30F1936452F00254B59 /* Products */ = {
			isa = PBXGroup;
			children = (
				5767B30E1936452F00254B59 /* ProlificLibrary.app */,
				5767B32E1936452F00254B59 /* ProlificLibraryTests.xctest */,
			);
			name = Products;
			sourceTree = "<group>";
		};
		5767B3101936452F00254B59 /* Frameworks */ = {
			isa = PBXGroup;
			children = (
				5767B3FC193AC5A600254B59 /* FacebookFramework */,
				5767B3111936452F00254B59 /* Foundation.framework */,
				5767B3131936452F00254B59 /* CoreGraphics.framework */,
				5767B3151936452F00254B59 /* UIKit.framework */,
				5767B3171936452F00254B59 /* CoreData.framework */,
				5767B32F1936452F00254B59 /* XCTest.framework */,
				76BBC723003E4B709AC7E827 /* libPods.a */,
			);
			name = Frameworks;
			sourceTree = "<group>";
		};
		5767B3191936452F00254B59 /* ProlificLibrary */ = {
			isa = PBXGroup;
			children = (
				5767B402193BA8D400254B59 /* Constants */,
				5767B3F5193A98CA00254B59 /* FlowLayouts */,
				5767B3CA1938266200254B59 /* Categories */,
				5767B3C51938182B00254B59 /* Controllers */,
				5767B3C61938182B00254B59 /* Views */,
				5767B3B91936D64100254B59 /* Helpers */,
				5767B3AF1936D51100254B59 /* Models */,
				5767B3221936452F00254B59 /* PFLAppDelegate.h */,
				5767B3231936452F00254B59 /* PFLAppDelegate.m */,
				5767B3281936452F00254B59 /* Images.xcassets */,
				5767B3251936452F00254B59 /* ProlificLibrary.xcdatamodeld */,
				5767B31A1936452F00254B59 /* Supporting Files */,
			);
			path = ProlificLibrary;
			sourceTree = "<group>";
		};
		5767B31A1936452F00254B59 /* Supporting Files */ = {
			isa = PBXGroup;
			children = (
				5767B3C019378BDD00254B59 /* seeds.plist */,
				5767B31B1936452F00254B59 /* ProlificLibrary-Info.plist */,
				5767B31C1936452F00254B59 /* InfoPlist.strings */,
				5767B31F1936452F00254B59 /* main.m */,
				5767B3211936452F00254B59 /* ProlificLibrary-Prefix.pch */,
			);
			name = "Supporting Files";
			sourceTree = "<group>";
		};
		5767B3361936452F00254B59 /* ProlificLibraryTests */ = {
			isa = PBXGroup;
			children = (
				5767B33C1936452F00254B59 /* ProlificLibraryTests.m */,
				5767B3371936452F00254B59 /* Supporting Files */,
			);
			path = ProlificLibraryTests;
			sourceTree = "<group>";
		};
		5767B3371936452F00254B59 /* Supporting Files */ = {
			isa = PBXGroup;
			children = (
				5767B3381936452F00254B59 /* ProlificLibraryTests-Info.plist */,
				5767B3391936452F00254B59 /* InfoPlist.strings */,
			);
			name = "Supporting Files";
			sourceTree = "<group>";
		};
		5767B3AF1936D51100254B59 /* Models */ = {
			isa = PBXGroup;
			children = (
				5767B3B01936D51100254B59 /* _Book.h */,
				5767B3B11936D51100254B59 /* _Book.m */,
				5767B3B21936D51100254B59 /* Book.h */,
				5767B3B31936D51100254B59 /* Book.m */,
			);
			path = Models;
			sourceTree = "<group>";
		};
		5767B3B91936D64100254B59 /* Helpers */ = {
			isa = PBXGroup;
			children = (
				5767B3BA1936D8D200254B59 /* PFLNetworkHelper.h */,
				5767B3BB1936D8D200254B59 /* PFLNetworkHelper.m */,
				5767B3BD1937590600254B59 /* PFLBookHelper.h */,
				5767B3BE1937590600254B59 /* PFLBookHelper.m */,
				5767B3FF193BA00700254B59 /* PFLFacebookHelper.h */,
				5767B400193BA00700254B59 /* PFLFacebookHelper.m */,
			);
			path = Helpers;
			sourceTree = "<group>";
		};
		5767B3C51938182B00254B59 /* Controllers */ = {
			isa = PBXGroup;
			children = (
				5767B3C2193815C800254B59 /* PFLLibraryHomeViewController.h */,
				5767B3C3193815C800254B59 /* PFLLibraryHomeViewController.m */,
				5767B3D11938411300254B59 /* PFLBookDetailsViewController.h */,
				5767B3D21938411300254B59 /* PFLBookDetailsViewController.m */,
				5767B3D71938B66E00254B59 /* PFLAddBookViewController.h */,
				5767B3D81938B66E00254B59 /* PFLAddBookViewController.m */,
			);
			path = Controllers;
			sourceTree = "<group>";
		};
		5767B3C61938182B00254B59 /* Views */ = {
			isa = PBXGroup;
			children = (
				5767B3C71938190100254B59 /* PFLHeaderTemplateView.h */,
				5767B3C81938190100254B59 /* PFLHeaderTemplateView.m */,
				5767B3CE19382AF200254B59 /* PFLBookDisplayCell.h */,
				5767B3CF19382AF200254B59 /* PFLBookDisplayCell.m */,
				5767B3D41938436A00254B59 /* PFLBookDetailsView.h */,
				5767B3D51938436A00254B59 /* PFLBookDetailsView.m */,
			);
			path = Views;
			sourceTree = "<group>";
		};
		5767B3CA1938266200254B59 /* Categories */ = {
			isa = PBXGroup;
			children = (
				5767B3CB1938266200254B59 /* UIColor+HexAdditions.h */,
				5767B3CC1938266200254B59 /* UIColor+HexAdditions.m */,
			);
			path = Categories;
			sourceTree = "<group>";
		};
		5767B3F5193A98CA00254B59 /* FlowLayouts */ = {
			isa = PBXGroup;
			children = (
				5767B3F6193A98FD00254B59 /* PFLBookDisplaySpringFlowLayout.h */,
				5767B3F7193A98FD00254B59 /* PFLBookDisplaySpringFlowLayout.m */,
			);
			path = FlowLayouts;
			sourceTree = "<group>";
		};
		5767B3FC193AC5A600254B59 /* FacebookFramework */ = {
			isa = PBXGroup;
			children = (
				5767B3FD193AC5A600254B59 /* FacebookSDK.framework */,
			);
			path = FacebookFramework;
			sourceTree = "<group>";
		};
		5767B402193BA8D400254B59 /* Constants */ = {
			isa = PBXGroup;
			children = (
				5767B403193BA8FB00254B59 /* PFLBookConstants.h */,
				5767B404193BA8FB00254B59 /* PFLBookConstants.m */,
				5767B406193BB2C800254B59 /* PFLAssetNames.h */,
				5767B407193BB2C800254B59 /* PFLAssetNames.m */,
				5767B409193BB6E600254B59 /* PFLFontNames.h */,
				5767B40A193BB6E600254B59 /* PFLFontNames.m */,
			);
			path = Constants;
			sourceTree = "<group>";
		};
/* End PBXGroup section */

/* Begin PBXNativeTarget section */
		5767B30D1936452E00254B59 /* ProlificLibrary */ = {
			isa = PBXNativeTarget;
			buildConfigurationList = 5767B3401936452F00254B59 /* Build configuration list for PBXNativeTarget "ProlificLibrary" */;
			buildPhases = (
				A7C2B606F98045DD9D4C37BC /* Check Pods Manifest.lock */,
				5767B30A1936452E00254B59 /* Sources */,
				5767B30B1936452E00254B59 /* Frameworks */,
				5767B30C1936452E00254B59 /* Resources */,
				A795935FFB784ADE9704053F /* Copy Pods Resources */,
			);
			buildRules = (
			);
			dependencies = (
			);
			name = ProlificLibrary;
			productName = ProlificLibrary;
			productReference = 5767B30E1936452F00254B59 /* ProlificLibrary.app */;
			productType = "com.apple.product-type.application";
		};
		5767B32D1936452F00254B59 /* ProlificLibraryTests */ = {
			isa = PBXNativeTarget;
			buildConfigurationList = 5767B3431936452F00254B59 /* Build configuration list for PBXNativeTarget "ProlificLibraryTests" */;
			buildPhases = (
				5767B32A1936452F00254B59 /* Sources */,
				5767B32B1936452F00254B59 /* Frameworks */,
				5767B32C1936452F00254B59 /* Resources */,
			);
			buildRules = (
			);
			dependencies = (
				5767B3351936452F00254B59 /* PBXTargetDependency */,
			);
			name = ProlificLibraryTests;
			productName = ProlificLibraryTests;
			productReference = 5767B32E1936452F00254B59 /* ProlificLibraryTests.xctest */;
			productType = "com.apple.product-type.bundle.unit-test";
		};
/* End PBXNativeTarget section */

/* Begin PBXProject section */
		5767B3061936452E00254B59 /* Project object */ = {
			isa = PBXProject;
			attributes = {
				CLASSPREFIX = PFL;
				LastUpgradeCheck = 0510;
				ORGANIZATIONNAME = ProlificLibrary;
				TargetAttributes = {
					5767B32D1936452F00254B59 = {
						TestTargetID = 5767B30D1936452E00254B59;
					};
				};
			};
			buildConfigurationList = 5767B3091936452E00254B59 /* Build configuration list for PBXProject "ProlificLibrary" */;
			compatibilityVersion = "Xcode 3.2";
			developmentRegion = English;
			hasScannedForEncodings = 0;
			knownRegions = (
				en,
			);
			mainGroup = 5767B3051936452E00254B59;
			productRefGroup = 5767B30F1936452F00254B59 /* Products */;
			projectDirPath = "";
			projectRoot = "";
			targets = (
				5767B30D1936452E00254B59 /* ProlificLibrary */,
				5767B32D1936452F00254B59 /* ProlificLibraryTests */,
			);
		};
/* End PBXProject section */

/* Begin PBXResourcesBuildPhase section */
		5767B30C1936452E00254B59 /* Resources */ = {
			isa = PBXResourcesBuildPhase;
			buildActionMask = 2147483647;
			files = (
				5767B31E1936452F00254B59 /* InfoPlist.strings in Resources */,
				5767B3291936452F00254B59 /* Images.xcassets in Resources */,
				5767B3C119378BDD00254B59 /* seeds.plist in Resources */,
			);
			runOnlyForDeploymentPostprocessing = 0;
		};
		5767B32C1936452F00254B59 /* Resources */ = {
			isa = PBXResourcesBuildPhase;
			buildActionMask = 2147483647;
			files = (
				5767B33B1936452F00254B59 /* InfoPlist.strings in Resources */,
			);
			runOnlyForDeploymentPostprocessing = 0;
		};
/* End PBXResourcesBuildPhase section */

/* Begin PBXShellScriptBuildPhase section */
		A795935FFB784ADE9704053F /* Copy Pods Resources */ = {
			isa = PBXShellScriptBuildPhase;
			buildActionMask = 2147483647;
			files = (
			);
			inputPaths = (
			);
			name = "Copy Pods Resources";
			outputPaths = (
			);
			runOnlyForDeploymentPostprocessing = 0;
			shellPath = /bin/sh;
			shellScript = "\"${SRCROOT}/Pods/Pods-resources.sh\"\n";
			showEnvVarsInLog = 0;
		};
		A7C2B606F98045DD9D4C37BC /* Check Pods Manifest.lock */ = {
			isa = PBXShellScriptBuildPhase;
			buildActionMask = 2147483647;
			files = (
			);
			inputPaths = (
			);
			name = "Check Pods Manifest.lock";
			outputPaths = (
			);
			runOnlyForDeploymentPostprocessing = 0;
			shellPath = /bin/sh;
			shellScript = "diff \"${PODS_ROOT}/../Podfile.lock\" \"${PODS_ROOT}/Manifest.lock\" > /dev/null\nif [[ $? != 0 ]] ; then\n    cat << EOM\nerror: The sandbox is not in sync with the Podfile.lock. Run 'pod install' or update your CocoaPods installation.\nEOM\n    exit 1\nfi\n";
			showEnvVarsInLog = 0;
		};
/* End PBXShellScriptBuildPhase section */

/* Begin PBXSourcesBuildPhase section */
		5767B30A1936452E00254B59 /* Sources */ = {
			isa = PBXSourcesBuildPhase;
			buildActionMask = 2147483647;
			files = (
				5767B3D019382AF200254B59 /* PFLBookDisplayCell.m in Sources */,
				5767B3F8193A98FD00254B59 /* PFLBookDisplaySpringFlowLayout.m in Sources */,
				5767B3D61938436A00254B59 /* PFLBookDetailsView.m in Sources */,
				5767B3D91938B66E00254B59 /* PFLAddBookViewController.m in Sources */,
				5767B3B51936D51100254B59 /* Book.m in Sources */,
				5767B40B193BB6E600254B59 /* PFLFontNames.m in Sources */,
				5767B3B41936D51100254B59 /* _Book.m in Sources */,
				5767B3BC1936D8D200254B59 /* PFLNetworkHelper.m in Sources */,
				5767B3201936452F00254B59 /* main.m in Sources */,
				5767B3C4193815C800254B59 /* PFLLibraryHomeViewController.m in Sources */,
				5767B3271936452F00254B59 /* ProlificLibrary.xcdatamodeld in Sources */,
				5767B401193BA00700254B59 /* PFLFacebookHelper.m in Sources */,
				5767B3D31938411300254B59 /* PFLBookDetailsViewController.m in Sources */,
				5767B408193BB2C800254B59 /* PFLAssetNames.m in Sources */,
				5767B3241936452F00254B59 /* PFLAppDelegate.m in Sources */,
				5767B3CD1938266200254B59 /* UIColor+HexAdditions.m in Sources */,
				5767B405193BA8FB00254B59 /* PFLBookConstants.m in Sources */,
				5767B3C91938190100254B59 /* PFLHeaderTemplateView.m in Sources */,
				5767B3BF1937590600254B59 /* PFLBookHelper.m in Sources */,
			);
			runOnlyForDeploymentPostprocessing = 0;
		};
		5767B32A1936452F00254B59 /* Sources */ = {
			isa = PBXSourcesBuildPhase;
			buildActionMask = 2147483647;
			files = (
				5767B33D1936452F00254B59 /* ProlificLibraryTests.m in Sources */,
			);
			runOnlyForDeploymentPostprocessing = 0;
		};
/* End PBXSourcesBuildPhase section */

/* Begin PBXTargetDependency section */
		5767B3351936452F00254B59 /* PBXTargetDependency */ = {
			isa = PBXTargetDependency;
			target = 5767B30D1936452E00254B59 /* ProlificLibrary */;
			targetProxy = 5767B3341936452F00254B59 /* PBXContainerItemProxy */;
		};
/* End PBXTargetDependency section */

/* Begin PBXVariantGroup section */
		5767B31C1936452F00254B59 /* InfoPlist.strings */ = {
			isa = PBXVariantGroup;
			children = (
				5767B31D1936452F00254B59 /* en */,
			);
			name = InfoPlist.strings;
			sourceTree = "<group>";
		};
		5767B3391936452F00254B59 /* InfoPlist.strings */ = {
			isa = PBXVariantGroup;
			children = (
				5767B33A1936452F00254B59 /* en */,
			);
			name = InfoPlist.strings;
			sourceTree = "<group>";
		};
/* End PBXVariantGroup section */

/* Begin XCBuildConfiguration section */
		5767B33E1936452F00254B59 /* Debug */ = {
			isa = XCBuildConfiguration;
			buildSettings = {
				ALWAYS_SEARCH_USER_PATHS = NO;
				CLANG_CXX_LANGUAGE_STANDARD = "gnu++0x";
				CLANG_CXX_LIBRARY = "libc++";
				CLANG_ENABLE_MODULES = YES;
				CLANG_ENABLE_OBJC_ARC = YES;
				CLANG_WARN_BOOL_CONVERSION = YES;
				CLANG_WARN_CONSTANT_CONVERSION = YES;
				CLANG_WARN_DIRECT_OBJC_ISA_USAGE = YES_ERROR;
				CLANG_WARN_EMPTY_BODY = YES;
				CLANG_WARN_ENUM_CONVERSION = YES;
				CLANG_WARN_INT_CONVERSION = YES;
				CLANG_WARN_OBJC_ROOT_CLASS = YES_ERROR;
				CLANG_WARN__DUPLICATE_METHOD_MATCH = YES;
				"CODE_SIGN_IDENTITY[sdk=iphoneos*]" = "iPhone Developer";
				COPY_PHASE_STRIP = NO;
				GCC_C_LANGUAGE_STANDARD = gnu99;
				GCC_DYNAMIC_NO_PIC = NO;
				GCC_OPTIMIZATION_LEVEL = 0;
				GCC_PREPROCESSOR_DEFINITIONS = (
					"DEBUG=1",
					"$(inherited)",
				);
				GCC_SYMBOLS_PRIVATE_EXTERN = NO;
				GCC_WARN_64_TO_32_BIT_CONVERSION = YES;
				GCC_WARN_ABOUT_RETURN_TYPE = YES_ERROR;
				GCC_WARN_UNDECLARED_SELECTOR = YES;
				GCC_WARN_UNINITIALIZED_AUTOS = YES_AGGRESSIVE;
				GCC_WARN_UNUSED_FUNCTION = YES;
				GCC_WARN_UNUSED_VARIABLE = YES;
				IPHONEOS_DEPLOYMENT_TARGET = 7.1;
				ONLY_ACTIVE_ARCH = YES;
				SDKROOT = iphoneos;
			};
			name = Debug;
		};
		5767B33F1936452F00254B59 /* Release */ = {
			isa = XCBuildConfiguration;
			buildSettings = {
				ALWAYS_SEARCH_USER_PATHS = NO;
				CLANG_CXX_LANGUAGE_STANDARD = "gnu++0x";
				CLANG_CXX_LIBRARY = "libc++";
				CLANG_ENABLE_MODULES = YES;
				CLANG_ENABLE_OBJC_ARC = YES;
				CLANG_WARN_BOOL_CONVERSION = YES;
				CLANG_WARN_CONSTANT_CONVERSION = YES;
				CLANG_WARN_DIRECT_OBJC_ISA_USAGE = YES_ERROR;
				CLANG_WARN_EMPTY_BODY = YES;
				CLANG_WARN_ENUM_CONVERSION = YES;
				CLANG_WARN_INT_CONVERSION = YES;
				CLANG_WARN_OBJC_ROOT_CLASS = YES_ERROR;
				CLANG_WARN__DUPLICATE_METHOD_MATCH = YES;
				"CODE_SIGN_IDENTITY[sdk=iphoneos*]" = "iPhone Developer";
				COPY_PHASE_STRIP = YES;
				ENABLE_NS_ASSERTIONS = NO;
				GCC_C_LANGUAGE_STANDARD = gnu99;
				GCC_WARN_64_TO_32_BIT_CONVERSION = YES;
				GCC_WARN_ABOUT_RETURN_TYPE = YES_ERROR;
				GCC_WARN_UNDECLARED_SELECTOR = YES;
				GCC_WARN_UNINITIALIZED_AUTOS = YES_AGGRESSIVE;
				GCC_WARN_UNUSED_FUNCTION = YES;
				GCC_WARN_UNUSED_VARIABLE = YES;
				IPHONEOS_DEPLOYMENT_TARGET = 7.1;
				SDKROOT = iphoneos;
				VALIDATE_PRODUCT = YES;
			};
			name = Release;
		};
		5767B3411936452F00254B59 /* Debug */ = {
			isa = XCBuildConfiguration;
			baseConfigurationReference = E34D6C383C49472B92896B78 /* Pods.xcconfig */;
			buildSettings = {
				ASSETCATALOG_COMPILER_APPICON_NAME = AppIcon;
				ASSETCATALOG_COMPILER_LAUNCHIMAGE_NAME = LaunchImage;
				FRAMEWORK_SEARCH_PATHS = (
					"$(inherited)",
					"$(PROJECT_DIR)/FacebookFramework",
				);
				GCC_PRECOMPILE_PREFIX_HEADER = YES;
				GCC_PREFIX_HEADER = "ProlificLibrary/ProlificLibrary-Prefix.pch";
				INFOPLIST_FILE = "ProlificLibrary/ProlificLibrary-Info.plist";
				PRODUCT_NAME = "$(TARGET_NAME)";
				WRAPPER_EXTENSION = app;
			};
			name = Debug;
		};
		5767B3421936452F00254B59 /* Release */ = {
			isa = XCBuildConfiguration;
			baseConfigurationReference = E34D6C383C49472B92896B78 /* Pods.xcconfig */;
			buildSettings = {
				ASSETCATALOG_COMPILER_APPICON_NAME = AppIcon;
				ASSETCATALOG_COMPILER_LAUNCHIMAGE_NAME = LaunchImage;
				FRAMEWORK_SEARCH_PATHS = (
					"$(inherited)",
					"$(PROJECT_DIR)/FacebookFramework",
				);
				GCC_PRECOMPILE_PREFIX_HEADER = YES;
				GCC_PREFIX_HEADER = "ProlificLibrary/ProlificLibrary-Prefix.pch";
				INFOPLIST_FILE = "ProlificLibrary/ProlificLibrary-Info.plist";
				PRODUCT_NAME = "$(TARGET_NAME)";
				WRAPPER_EXTENSION = app;
			};
			name = Release;
		};
		5767B3441936452F00254B59 /* Debug */ = {
			isa = XCBuildConfiguration;
			buildSettings = {
				BUNDLE_LOADER = "$(BUILT_PRODUCTS_DIR)/ProlificLibrary.app/ProlificLibrary";
				FRAMEWORK_SEARCH_PATHS = (
					"$(SDKROOT)/Developer/Library/Frameworks",
					"$(inherited)",
					"$(DEVELOPER_FRAMEWORKS_DIR)",
				);
				GCC_PRECOMPILE_PREFIX_HEADER = YES;
				GCC_PREFIX_HEADER = "ProlificLibrary/ProlificLibrary-Prefix.pch";
				GCC_PREPROCESSOR_DEFINITIONS = (
					"DEBUG=1",
					"$(inherited)",
				);
				INFOPLIST_FILE = "ProlificLibraryTests/ProlificLibraryTests-Info.plist";
				PRODUCT_NAME = "$(TARGET_NAME)";
				TEST_HOST = "$(BUNDLE_LOADER)";
				WRAPPER_EXTENSION = xctest;
			};
			name = Debug;
		};
		5767B3451936452F00254B59 /* Release */ = {
			isa = XCBuildConfiguration;
			buildSettings = {
				BUNDLE_LOADER = "$(BUILT_PRODUCTS_DIR)/ProlificLibrary.app/ProlificLibrary";
				FRAMEWORK_SEARCH_PATHS = (
					"$(SDKROOT)/Developer/Library/Frameworks",
					"$(inherited)",
					"$(DEVELOPER_FRAMEWORKS_DIR)",
				);
				GCC_PRECOMPILE_PREFIX_HEADER = YES;
				GCC_PREFIX_HEADER = "ProlificLibrary/ProlificLibrary-Prefix.pch";
				INFOPLIST_FILE = "ProlificLibraryTests/ProlificLibraryTests-Info.plist";
				PRODUCT_NAME = "$(TARGET_NAME)";
				TEST_HOST = "$(BUNDLE_LOADER)";
				WRAPPER_EXTENSION = xctest;
			};
			name = Release;
		};
/* End XCBuildConfiguration section */

/* Begin XCConfigurationList section */
		5767B3091936452E00254B59 /* Build configuration list for PBXProject "ProlificLibrary" */ = {
			isa = XCConfigurationList;
			buildConfigurations = (
				5767B33E1936452F00254B59 /* Debug */,
				5767B33F1936452F00254B59 /* Release */,
			);
			defaultConfigurationIsVisible = 0;
			defaultConfigurationName = Release;
		};
		5767B3401936452F00254B59 /* Build configuration list for PBXNativeTarget "ProlificLibrary" */ = {
			isa = XCConfigurationList;
			buildConfigurations = (
				5767B3411936452F00254B59 /* Debug */,
				5767B3421936452F00254B59 /* Release */,
			);
			defaultConfigurationIsVisible = 0;
			defaultConfigurationName = Release;
		};
		5767B3431936452F00254B59 /* Build configuration list for PBXNativeTarget "ProlificLibraryTests" */ = {
			isa = XCConfigurationList;
			buildConfigurations = (
				5767B3441936452F00254B59 /* Debug */,
				5767B3451936452F00254B59 /* Release */,
			);
			defaultConfigurationIsVisible = 0;
			defaultConfigurationName = Release;
		};
/* End XCConfigurationList section */

/* Begin XCVersionGroup section */
		5767B3251936452F00254B59 /* ProlificLibrary.xcdatamodeld */ = {
			isa = XCVersionGroup;
			children = (
				5767B3261936452F00254B59 /* ProlificLibrary.xcdatamodel */,
			);
			currentVersion = 5767B3261936452F00254B59 /* ProlificLibrary.xcdatamodel */;
			path = ProlificLibrary.xcdatamodeld;
			sourceTree = "<group>";
			versionGroupType = wrapper.xcdatamodel;
		};
/* End XCVersionGroup section */
	};
	rootObject = 5767B3061936452E00254B59 /* Project object */;
}
